
Microsoft Visual Studio Solution File, Format Version 12.00
# Visual Studio Version 17
VisualStudioVersion = 17.9.34728.123
MinimumVisualStudioVersion = 10.0.40219.1
Project("{FAE04EC0-301F-11D3-BF4B-00C04F79EFBC}") = "AccountProvider", "AccountProvider\AccountProvider.csproj", "{323C873D-9866-4FB1-82B5-C0DD91689C10}"
EndProject
Project("{FAE04EC0-301F-11D3-BF4B-00C04F79EFBC}") = "Data", "Data\Data.csproj", "{4FD42D08-F861-4CAD-BCBD-D0080CB0089F}"
EndProject
Global
	GlobalSection(SolutionConfigurationPlatforms) = preSolution
		Debug|Any CPU = Debug|Any CPU
		Release|Any CPU = Release|Any CPU
	EndGlobalSection
	GlobalSection(ProjectConfigurationPlatforms) = postSolution
		{323C873D-9866-4FB1-82B5-C0DD91689C10}.Debug|Any CPU.ActiveCfg = Debug|Any CPU
		{323C873D-9866-4FB1-82B5-C0DD91689C10}.Debug|Any CPU.Build.0 = Debug|Any CPU
		{323C873D-9866-4FB1-82B5-C0DD91689C10}.Release|Any CPU.ActiveCfg = Release|Any CPU
		{323C873D-9866-4FB1-82B5-C0DD91689C10}.Release|Any CPU.Build.0 = Release|Any CPU
		{4FD42D08-F861-4CAD-BCBD-D0080CB0089F}.Debug|Any CPU.ActiveCfg = Debug|Any CPU
		{4FD42D08-F861-4CAD-BCBD-D0080CB0089F}.Debug|Any CPU.Build.0 = Debug|Any CPU
		{4FD42D08-F861-4CAD-BCBD-D0080CB0089F}.Release|Any CPU.ActiveCfg = Release|Any CPU
		{4FD42D08-F861-4CAD-BCBD-D0080CB0089F}.Release|Any CPU.Build.0 = Release|Any CPU
	EndGlobalSection
	GlobalSection(SolutionProperties) = preSolution
		HideSolutionNode = FALSE
	EndGlobalSection
	GlobalSection(ExtensibilityGlobals) = postSolution
		SolutionGuid = {F5E7DAEE-8852-4CA4-9C08-27DD10847BD2}
	EndGlobalSection
EndGlobal
